
Microsoft Visual Studio Solution File, Format Version 12.00
# Visual Studio 2013
VisualStudioVersion = 12.0.31101.0
MinimumVisualStudioVersion = 10.0.40219.1
Project("{FAE04EC0-301F-11D3-BF4B-00C04F79EFBC}") = "Week3", "Week3\Week3.csproj", "{39602785-3D55-4B63-9050-E630ACDDFFA7}"
EndProject
Project("{FAE04EC0-301F-11D3-BF4B-00C04F79EFBC}") = "Week3.Tests", "Week3.Tests\Week3.Tests.csproj", "{600B0485-EC26-46F7-B284-3A49CF04173A}"
EndProject
Global
	GlobalSection(SolutionConfigurationPlatforms) = preSolution
		Debug|Any CPU = Debug|Any CPU
		Release|Any CPU = Release|Any CPU
	EndGlobalSection
	GlobalSection(ProjectConfigurationPlatforms) = postSolution
		{39602785-3D55-4B63-9050-E630ACDDFFA7}.Debug|Any CPU.ActiveCfg = Debug|Any CPU
		{39602785-3D55-4B63-9050-E630ACDDFFA7}.Debug|Any CPU.Build.0 = Debug|Any CPU
		{39602785-3D55-4B63-9050-E630ACDDFFA7}.Release|Any CPU.ActiveCfg = Release|Any CPU
		{39602785-3D55-4B63-9050-E630ACDDFFA7}.Release|Any CPU.Build.0 = Release|Any CPU
		{600B0485-EC26-46F7-B284-3A49CF04173A}.Debug|Any CPU.ActiveCfg = Debug|Any CPU
		{600B0485-EC26-46F7-B284-3A49CF04173A}.Debug|Any CPU.Build.0 = Debug|Any CPU
		{600B0485-EC26-46F7-B284-3A49CF04173A}.Release|Any CPU.ActiveCfg = Release|Any CPU
		{600B0485-EC26-46F7-B284-3A49CF04173A}.Release|Any CPU.Build.0 = Release|Any CPU
	EndGlobalSection
	GlobalSection(SolutionProperties) = preSolution
		HideSolutionNode = FALSE
	EndGlobalSection
EndGlobal
